
Microsoft Visual Studio Solution File, Format Version 12.00
# Visual Studio 15
VisualStudioVersion = 15.0.28307.329
MinimumVisualStudioVersion = 10.0.40219.1
Project("{FAE04EC0-301F-11D3-BF4B-00C04F79EFBC}") = "learnForms.Android", "learnForms\learnForms.Android\learnForms.Android.csproj", "{EB2E083F-C253-42D4-B7AE-BDA479EC2217}"
EndProject
Project("{FAE04EC0-301F-11D3-BF4B-00C04F79EFBC}") = "learnForms.iOS", "learnForms\learnForms.iOS\learnForms.iOS.csproj", "{C5E08A46-17D0-44C3-9790-A7F4A542695F}"
EndProject
Project("{9A19103F-16F7-4668-BE54-9A1E7A4F7556}") = "learnForms", "learnForms\learnForms\learnForms.csproj", "{7AD3E8E2-2328-452B-B073-F673472A0C97}"
EndProject
Project("{FAE04EC0-301F-11D3-BF4B-00C04F79EFBC}") = "CinemoApi", "..\ColosseumWebPortal-master\ColosseumWebPortal\CinemoApi\CinemoApi.csproj", "{2C7BAA47-FCB6-4F68-AF02-BD64BB10D288}"
EndProject
Project("{FAE04EC0-301F-11D3-BF4B-00C04F79EFBC}") = "WebApplication1", "WebApplication1\WebApplication1.csproj", "{DC731AD0-C93C-4314-BE3A-295D4687B816}"
EndProject
Global
	GlobalSection(SolutionConfigurationPlatforms) = preSolution
		Ad-Hoc|Any CPU = Ad-Hoc|Any CPU
		Ad-Hoc|iPhone = Ad-Hoc|iPhone
		Ad-Hoc|iPhoneSimulator = Ad-Hoc|iPhoneSimulator
		AppStore|Any CPU = AppStore|Any CPU
		AppStore|iPhone = AppStore|iPhone
		AppStore|iPhoneSimulator = AppStore|iPhoneSimulator
		Debug|Any CPU = Debug|Any CPU
		Debug|iPhone = Debug|iPhone
		Debug|iPhoneSimulator = Debug|iPhoneSimulator
		Release|Any CPU = Release|Any CPU
		Release|iPhone = Release|iPhone
		Release|iPhoneSimulator = Release|iPhoneSimulator
	EndGlobalSection
	GlobalSection(ProjectConfigurationPlatforms) = postSolution
		{EB2E083F-C253-42D4-B7AE-BDA479EC2217}.Ad-Hoc|Any CPU.ActiveCfg = Release|Any CPU
		{EB2E083F-C253-42D4-B7AE-BDA479EC2217}.Ad-Hoc|Any CPU.Build.0 = Release|Any CPU
		{EB2E083F-C253-42D4-B7AE-BDA479EC2217}.Ad-Hoc|Any CPU.Deploy.0 = Release|Any CPU
		{EB2E083F-C253-42D4-B7AE-BDA479EC2217}.Ad-Hoc|iPhone.ActiveCfg = Release|Any CPU
		{EB2E083F-C253-42D4-B7AE-BDA479EC2217}.Ad-Hoc|iPhone.Build.0 = Release|Any CPU
		{EB2E083F-C253-42D4-B7AE-BDA479EC2217}.Ad-Hoc|iPhone.Deploy.0 = Release|Any CPU
		{EB2E083F-C253-42D4-B7AE-BDA479EC2217}.Ad-Hoc|iPhoneSimulator.ActiveCfg = Release|Any CPU
		{EB2E083F-C253-42D4-B7AE-BDA479EC2217}.Ad-Hoc|iPhoneSimulator.Build.0 = Release|Any CPU
		{EB2E083F-C253-42D4-B7AE-BDA479EC2217}.Ad-Hoc|iPhoneSimulator.Deploy.0 = Release|Any CPU
		{EB2E083F-C253-42D4-B7AE-BDA479EC2217}.AppStore|Any CPU.ActiveCfg = Release|Any CPU
		{EB2E083F-C253-42D4-B7AE-BDA479EC2217}.AppStore|Any CPU.Build.0 = Release|Any CPU
		{EB2E083F-C253-42D4-B7AE-BDA479EC2217}.AppStore|Any CPU.Deploy.0 = Release|Any CPU
		{EB2E083F-C253-42D4-B7AE-BDA479EC2217}.AppStore|iPhone.ActiveCfg = Release|Any CPU
		{EB2E083F-C253-42D4-B7AE-BDA479EC2217}.AppStore|iPhone.Build.0 = Release|Any CPU
		{EB2E083F-C253-42D4-B7AE-BDA479EC2217}.AppStore|iPhone.Deploy.0 = Release|Any CPU
		{EB2E083F-C253-42D4-B7AE-BDA479EC2217}.AppStore|iPhoneSimulator.ActiveCfg = Release|Any CPU
		{EB2E083F-C253-42D4-B7AE-BDA479EC2217}.AppStore|iPhoneSimulator.Build.0 = Release|Any CPU
		{EB2E083F-C253-42D4-B7AE-BDA479EC2217}.AppStore|iPhoneSimulator.Deploy.0 = Release|Any CPU
		{EB2E083F-C253-42D4-B7AE-BDA479EC2217}.Debug|Any CPU.ActiveCfg = Debug|Any CPU
		{EB2E083F-C253-42D4-B7AE-BDA479EC2217}.Debug|Any CPU.Build.0 = Debug|Any CPU
		{EB2E083F-C253-42D4-B7AE-BDA479EC2217}.Debug|Any CPU.Deploy.0 = Debug|Any CPU
		{EB2E083F-C253-42D4-B7AE-BDA479EC2217}.Debug|iPhone.ActiveCfg = Debug|Any CPU
		{EB2E083F-C253-42D4-B7AE-BDA479EC2217}.Debug|iPhone.Build.0 = Debug|Any CPU
		{EB2E083F-C253-42D4-B7AE-BDA479EC2217}.Debug|iPhone.Deploy.0 = Debug|Any CPU
		{EB2E083F-C253-42D4-B7AE-BDA479EC2217}.Debug|iPhoneSimulator.ActiveCfg = Debug|Any CPU
		{EB2E083F-C253-42D4-B7AE-BDA479EC2217}.Debug|iPhoneSimulator.Build.0 = Debug|Any CPU
		{EB2E083F-C253-42D4-B7AE-BDA479EC2217}.Debug|iPhoneSimulator.Deploy.0 = Debug|Any CPU
		{EB2E083F-C253-42D4-B7AE-BDA479EC2217}.Release|Any CPU.ActiveCfg = Release|Any CPU
		{EB2E083F-C253-42D4-B7AE-BDA479EC2217}.Release|Any CPU.Build.0 = Release|Any CPU
		{EB2E083F-C253-42D4-B7AE-BDA479EC2217}.Release|Any CPU.Deploy.0 = Release|Any CPU
		{EB2E083F-C253-42D4-B7AE-BDA479EC2217}.Release|iPhone.ActiveCfg = Release|Any CPU
		{EB2E083F-C253-42D4-B7AE-BDA479EC2217}.Release|iPhone.Build.0 = Release|Any CPU
		{EB2E083F-C253-42D4-B7AE-BDA479EC2217}.Release|iPhone.Deploy.0 = Release|Any CPU
		{EB2E083F-C253-42D4-B7AE-BDA479EC2217}.Release|iPhoneSimulator.ActiveCfg = Release|Any CPU
		{EB2E083F-C253-42D4-B7AE-BDA479EC2217}.Release|iPhoneSimulator.Build.0 = Release|Any CPU
		{EB2E083F-C253-42D4-B7AE-BDA479EC2217}.Release|iPhoneSimulator.Deploy.0 = Release|Any CPU
		{C5E08A46-17D0-44C3-9790-A7F4A542695F}.Ad-Hoc|Any CPU.ActiveCfg = Ad-Hoc|iPhone
		{C5E08A46-17D0-44C3-9790-A7F4A542695F}.Ad-Hoc|Any CPU.Build.0 = Ad-Hoc|iPhone
		{C5E08A46-17D0-44C3-9790-A7F4A542695F}.Ad-Hoc|Any CPU.Deploy.0 = Ad-Hoc|iPhone
		{C5E08A46-17D0-44C3-9790-A7F4A542695F}.Ad-Hoc|iPhone.ActiveCfg = Ad-Hoc|iPhone
		{C5E08A46-17D0-44C3-9790-A7F4A542695F}.Ad-Hoc|iPhone.Build.0 = Ad-Hoc|iPhone
		{C5E08A46-17D0-44C3-9790-A7F4A542695F}.Ad-Hoc|iPhone.Deploy.0 = Ad-Hoc|iPhone
		{C5E08A46-17D0-44C3-9790-A7F4A542695F}.Ad-Hoc|iPhoneSimulator.ActiveCfg = Ad-Hoc|iPhoneSimulator
		{C5E08A46-17D0-44C3-9790-A7F4A542695F}.Ad-Hoc|iPhoneSimulator.Build.0 = Ad-Hoc|iPhoneSimulator
		{C5E08A46-17D0-44C3-9790-A7F4A542695F}.Ad-Hoc|iPhoneSimulator.Deploy.0 = Ad-Hoc|iPhoneSimulator
		{C5E08A46-17D0-44C3-9790-A7F4A542695F}.AppStore|Any CPU.ActiveCfg = AppStore|iPhone
		{C5E08A46-17D0-44C3-9790-A7F4A542695F}.AppStore|Any CPU.Build.0 = AppStore|iPhone
		{C5E08A46-17D0-44C3-9790-A7F4A542695F}.AppStore|Any CPU.Deploy.0 = AppStore|iPhone
		{C5E08A46-17D0-44C3-9790-A7F4A542695F}.AppStore|iPhone.ActiveCfg = AppStore|iPhone
		{C5E08A46-17D0-44C3-9790-A7F4A542695F}.AppStore|iPhone.Build.0 = AppStore|iPhone
		{C5E08A46-17D0-44C3-9790-A7F4A542695F}.AppStore|iPhone.Deploy.0 = AppStore|iPhone
		{C5E08A46-17D0-44C3-9790-A7F4A542695F}.AppStore|iPhoneSimulator.ActiveCfg = AppStore|iPhoneSimulator
		{C5E08A46-17D0-44C3-9790-A7F4A542695F}.AppStore|iPhoneSimulator.Build.0 = AppStore|iPhoneSimulator
		{C5E08A46-17D0-44C3-9790-A7F4A542695F}.AppStore|iPhoneSimulator.Deploy.0 = AppStore|iPhoneSimulator
		{C5E08A46-17D0-44C3-9790-A7F4A542695F}.Debug|Any CPU.ActiveCfg = Debug|iPhoneSimulator
		{C5E08A46-17D0-44C3-9790-A7F4A542695F}.Debug|Any CPU.Build.0 = Debug|iPhoneSimulator
		{C5E08A46-17D0-44C3-9790-A7F4A542695F}.Debug|Any CPU.Deploy.0 = Debug|iPhoneSimulator
		{C5E08A46-17D0-44C3-9790-A7F4A542695F}.Debug|iPhone.ActiveCfg = Debug|iPhone
		{C5E08A46-17D0-44C3-9790-A7F4A542695F}.Debug|iPhone.Build.0 = Debug|iPhone
		{C5E08A46-17D0-44C3-9790-A7F4A542695F}.Debug|iPhone.Deploy.0 = Debug|iPhone
		{C5E08A46-17D0-44C3-9790-A7F4A542695F}.Debug|iPhoneSimulator.ActiveCfg = Debug|iPhoneSimulator
		{C5E08A46-17D0-44C3-9790-A7F4A542695F}.Debug|iPhoneSimulator.Build.0 = Debug|iPhoneSimulator
		{C5E08A46-17D0-44C3-9790-A7F4A542695F}.Debug|iPhoneSimulator.Deploy.0 = Debug|iPhoneSimulator
		{C5E08A46-17D0-44C3-9790-A7F4A542695F}.Release|Any CPU.ActiveCfg = Release|iPhone
		{C5E08A46-17D0-44C3-9790-A7F4A542695F}.Release|Any CPU.Build.0 = Release|iPhone
		{C5E08A46-17D0-44C3-9790-A7F4A542695F}.Release|Any CPU.Deploy.0 = Release|iPhone
		{C5E08A46-17D0-44C3-9790-A7F4A542695F}.Release|iPhone.ActiveCfg = Release|iPhone
		{C5E08A46-17D0-44C3-9790-A7F4A542695F}.Release|iPhone.Build.0 = Release|iPhone
		{C5E08A46-17D0-44C3-9790-A7F4A542695F}.Release|iPhone.Deploy.0 = Release|iPhone
		{C5E08A46-17D0-44C3-9790-A7F4A542695F}.Release|iPhoneSimulator.ActiveCfg = Release|iPhoneSimulator
		{C5E08A46-17D0-44C3-9790-A7F4A542695F}.Release|iPhoneSimulator.Build.0 = Release|iPhoneSimulator
		{C5E08A46-17D0-44C3-9790-A7F4A542695F}.Release|iPhoneSimulator.Deploy.0 = Release|iPhoneSimulator
		{7AD3E8E2-2328-452B-B073-F673472A0C97}.Ad-Hoc|Any CPU.ActiveCfg = Debug|Any CPU
		{7AD3E8E2-2328-452B-B073-F673472A0C97}.Ad-Hoc|Any CPU.Build.0 = Debug|Any CPU
		{7AD3E8E2-2328-452B-B073-F673472A0C97}.Ad-Hoc|Any CPU.Deploy.0 = Debug|Any CPU
		{7AD3E8E2-2328-452B-B073-F673472A0C97}.Ad-Hoc|iPhone.ActiveCfg = Debug|Any CPU
		{7AD3E8E2-2328-452B-B073-F673472A0C97}.Ad-Hoc|iPhone.Build.0 = Debug|Any CPU
		{7AD3E8E2-2328-452B-B073-F673472A0C97}.Ad-Hoc|iPhone.Deploy.0 = Debug|Any CPU
		{7AD3E8E2-2328-452B-B073-F673472A0C97}.Ad-Hoc|iPhoneSimulator.ActiveCfg = Debug|Any CPU
		{7AD3E8E2-2328-452B-B073-F673472A0C97}.Ad-Hoc|iPhoneSimulator.Build.0 = Debug|Any CPU
		{7AD3E8E2-2328-452B-B073-F673472A0C97}.Ad-Hoc|iPhoneSimulator.Deploy.0 = Debug|Any CPU
		{7AD3E8E2-2328-452B-B073-F673472A0C97}.AppStore|Any CPU.ActiveCfg = Debug|Any CPU
		{7AD3E8E2-2328-452B-B073-F673472A0C97}.AppStore|Any CPU.Build.0 = Debug|Any CPU
		{7AD3E8E2-2328-452B-B073-F673472A0C97}.AppStore|Any CPU.Deploy.0 = Debug|Any CPU
		{7AD3E8E2-2328-452B-B073-F673472A0C97}.AppStore|iPhone.ActiveCfg = Debug|Any CPU
		{7AD3E8E2-2328-452B-B073-F673472A0C97}.AppStore|iPhone.Build.0 = Debug|Any CPU
		{7AD3E8E2-2328-452B-B073-F673472A0C97}.AppStore|iPhone.Deploy.0 = Debug|Any CPU
		{7AD3E8E2-2328-452B-B073-F673472A0C97}.AppStore|iPhoneSimulator.ActiveCfg = Debug|Any CPU
		{7AD3E8E2-2328-452B-B073-F673472A0C97}.AppStore|iPhoneSimulator.Build.0 = Debug|Any CPU
		{7AD3E8E2-2328-452B-B073-F673472A0C97}.AppStore|iPhoneSimulator.Deploy.0 = Debug|Any CPU
		{7AD3E8E2-2328-452B-B073-F673472A0C97}.Debug|Any CPU.ActiveCfg = Debug|Any CPU
		{7AD3E8E2-2328-452B-B073-F673472A0C97}.Debug|Any CPU.Build.0 = Debug|Any CPU
		{7AD3E8E2-2328-452B-B073-F673472A0C97}.Debug|Any CPU.Deploy.0 = Debug|Any CPU
		{7AD3E8E2-2328-452B-B073-F673472A0C97}.Debug|iPhone.ActiveCfg = Debug|Any CPU
		{7AD3E8E2-2328-452B-B073-F673472A0C97}.Debug|iPhone.Build.0 = Debug|Any CPU
		{7AD3E8E2-2328-452B-B073-F673472A0C97}.Debug|iPhone.Deploy.0 = Debug|Any CPU
		{7AD3E8E2-2328-452B-B073-F673472A0C97}.Debug|iPhoneSimulator.ActiveCfg = Debug|Any CPU
		{7AD3E8E2-2328-452B-B073-F673472A0C97}.Debug|iPhoneSimulator.Build.0 = Debug|Any CPU
		{7AD3E8E2-2328-452B-B073-F673472A0C97}.Debug|iPhoneSimulator.Deploy.0 = Debug|Any CPU
		{7AD3E8E2-2328-452B-B073-F673472A0C97}.Release|Any CPU.ActiveCfg = Release|Any CPU
		{7AD3E8E2-2328-452B-B073-F673472A0C97}.Release|Any CPU.Build.0 = Release|Any CPU
		{7AD3E8E2-2328-452B-B073-F673472A0C97}.Release|Any CPU.Deploy.0 = Release|Any CPU
		{7AD3E8E2-2328-452B-B073-F673472A0C97}.Release|iPhone.ActiveCfg = Release|Any CPU
		{7AD3E8E2-2328-452B-B073-F673472A0C97}.Release|iPhone.Build.0 = Release|Any CPU
		{7AD3E8E2-2328-452B-B073-F673472A0C97}.Release|iPhone.Deploy.0 = Release|Any CPU
		{7AD3E8E2-2328-452B-B073-F673472A0C97}.Release|iPhoneSimulator.ActiveCfg = Release|Any CPU
		{7AD3E8E2-2328-452B-B073-F673472A0C97}.Release|iPhoneSimulator.Build.0 = Release|Any CPU
		{7AD3E8E2-2328-452B-B073-F673472A0C97}.Release|iPhoneSimulator.Deploy.0 = Release|Any CPU
		{2C7BAA47-FCB6-4F68-AF02-BD64BB10D288}.Ad-Hoc|Any CPU.ActiveCfg = Release|Any CPU
		{2C7BAA47-FCB6-4F68-AF02-BD64BB10D288}.Ad-Hoc|Any CPU.Build.0 = Release|Any CPU
		{2C7BAA47-FCB6-4F68-AF02-BD64BB10D288}.Ad-Hoc|iPhone.ActiveCfg = Release|Any CPU
		{2C7BAA47-FCB6-4F68-AF02-BD64BB10D288}.Ad-Hoc|iPhone.Build.0 = Release|Any CPU
		{2C7BAA47-FCB6-4F68-AF02-BD64BB10D288}.Ad-Hoc|iPhoneSimulator.ActiveCfg = Release|Any CPU
		{2C7BAA47-FCB6-4F68-AF02-BD64BB10D288}.Ad-Hoc|iPhoneSimulator.Build.0 = Release|Any CPU
		{2C7BAA47-FCB6-4F68-AF02-BD64BB10D288}.AppStore|Any CPU.ActiveCfg = Release|Any CPU
		{2C7BAA47-FCB6-4F68-AF02-BD64BB10D288}.AppStore|Any CPU.Build.0 = Release|Any CPU
		{2C7BAA47-FCB6-4F68-AF02-BD64BB10D288}.AppStore|iPhone.ActiveCfg = Release|Any CPU
		{2C7BAA47-FCB6-4F68-AF02-BD64BB10D288}.AppStore|iPhone.Build.0 = Release|Any CPU
		{2C7BAA47-FCB6-4F68-AF02-BD64BB10D288}.AppStore|iPhoneSimulator.ActiveCfg = Release|Any CPU
		{2C7BAA47-FCB6-4F68-AF02-BD64BB10D288}.AppStore|iPhoneSimulator.Build.0 = Release|Any CPU
		{2C7BAA47-FCB6-4F68-AF02-BD64BB10D288}.Debug|Any CPU.ActiveCfg = Debug|Any CPU
		{2C7BAA47-FCB6-4F68-AF02-BD64BB10D288}.Debug|Any CPU.Build.0 = Debug|Any CPU
		{2C7BAA47-FCB6-4F68-AF02-BD64BB10D288}.Debug|iPhone.ActiveCfg = Debug|Any CPU
		{2C7BAA47-FCB6-4F68-AF02-BD64BB10D288}.Debug|iPhone.Build.0 = Debug|Any CPU
		{2C7BAA47-FCB6-4F68-AF02-BD64BB10D288}.Debug|iPhoneSimulator.ActiveCfg = Debug|Any CPU
		{2C7BAA47-FCB6-4F68-AF02-BD64BB10D288}.Debug|iPhoneSimulator.Build.0 = Debug|Any CPU
		{2C7BAA47-FCB6-4F68-AF02-BD64BB10D288}.Release|Any CPU.ActiveCfg = Release|Any CPU
		{2C7BAA47-FCB6-4F68-AF02-BD64BB10D288}.Release|Any CPU.Build.0 = Release|Any CPU
		{2C7BAA47-FCB6-4F68-AF02-BD64BB10D288}.Release|iPhone.ActiveCfg = Release|Any CPU
		{2C7BAA47-FCB6-4F68-AF02-BD64BB10D288}.Release|iPhone.Build.0 = Release|Any CPU
		{2C7BAA47-FCB6-4F68-AF02-BD64BB10D288}.Release|iPhoneSimulator.ActiveCfg = Release|Any CPU
		{2C7BAA47-FCB6-4F68-AF02-BD64BB10D288}.Release|iPhoneSimulator.Build.0 = Release|Any CPU
		{DC731AD0-C93C-4314-BE3A-295D4687B816}.Ad-Hoc|Any CPU.ActiveCfg = Debug|Any CPU
		{DC731AD0-C93C-4314-BE3A-295D4687B816}.Ad-Hoc|Any CPU.Build.0 = Debug|Any CPU
		{DC731AD0-C93C-4314-BE3A-295D4687B816}.Ad-Hoc|iPhone.ActiveCfg = Debug|Any CPU
		{DC731AD0-C93C-4314-BE3A-295D4687B816}.Ad-Hoc|iPhone.Build.0 = Debug|Any CPU
		{DC731AD0-C93C-4314-BE3A-295D4687B816}.Ad-Hoc|iPhoneSimulator.ActiveCfg = Debug|Any CPU
		{DC731AD0-C93C-4314-BE3A-295D4687B816}.Ad-Hoc|iPhoneSimulator.Build.0 = Debug|Any CPU
		{DC731AD0-C93C-4314-BE3A-295D4687B816}.AppStore|Any CPU.ActiveCfg = Debug|Any CPU
		{DC731AD0-C93C-4314-BE3A-295D4687B816}.AppStore|Any CPU.Build.0 = Debug|Any CPU
		{DC731AD0-C93C-4314-BE3A-295D4687B816}.AppStore|iPhone.ActiveCfg = Debug|Any CPU
		{DC731AD0-C93C-4314-BE3A-295D4687B816}.AppStore|iPhone.Build.0 = Debug|Any CPU
		{DC731AD0-C93C-4314-BE3A-295D4687B816}.AppStore|iPhoneSimulator.ActiveCfg = Debug|Any CPU
		{DC731AD0-C93C-4314-BE3A-295D4687B816}.AppStore|iPhoneSimulator.Build.0 = Debug|Any CPU
		{DC731AD0-C93C-4314-BE3A-295D4687B816}.Debug|Any CPU.ActiveCfg = Debug|Any CPU
		{DC731AD0-C93C-4314-BE3A-295D4687B816}.Debug|Any CPU.Build.0 = Debug|Any CPU
		{DC731AD0-C93C-4314-BE3A-295D4687B816}.Debug|iPhone.ActiveCfg = Debug|Any CPU
		{DC731AD0-C93C-4314-BE3A-295D4687B816}.Debug|iPhone.Build.0 = Debug|Any CPU
		{DC731AD0-C93C-4314-BE3A-295D4687B816}.Debug|iPhoneSimulator.ActiveCfg = Debug|Any CPU
		{DC731AD0-C93C-4314-BE3A-295D4687B816}.Debug|iPhoneSimulator.Build.0 = Debug|Any CPU
		{DC731AD0-C93C-4314-BE3A-295D4687B816}.Release|Any CPU.ActiveCfg = Release|Any CPU
		{DC731AD0-C93C-4314-BE3A-295D4687B816}.Release|Any CPU.Build.0 = Release|Any CPU
		{DC731AD0-C93C-4314-BE3A-295D4687B816}.Release|iPhone.ActiveCfg = Release|Any CPU
		{DC731AD0-C93C-4314-BE3A-295D4687B816}.Release|iPhone.Build.0 = Release|Any CPU
		{DC731AD0-C93C-4314-BE3A-295D4687B816}.Release|iPhoneSimulator.ActiveCfg = Release|Any CPU
		{DC731AD0-C93C-4314-BE3A-295D4687B816}.Release|iPhoneSimulator.Build.0 = Release|Any CPU
	EndGlobalSection
	GlobalSection(SolutionProperties) = preSolution
		HideSolutionNode = FALSE
	EndGlobalSection
	GlobalSection(ExtensibilityGlobals) = postSolution
		SolutionGuid = {61A34880-2F46-43A9-B961-97D37D49C409}
	EndGlobalSection
EndGlobal
